PODS:
  - Alamofire (5.4.1)
  - Kingfisher (6.2.1)
  - MBProgressHUD (1.2.0)
  - Moya/Core (14.0.0):
    - Alamofire (~> 5.0)
  - ObjectMapper (4.2.0)
  - SwiftyJSON (5.0.0)

DEPENDENCIES:
  - Kingfisher
  - MBProgressHUD
  - Moya/Core
  - ObjectMapper
  - SwiftyJSON

SPEC REPOS:
  trunk:
    - Alamofire
    - Kingfisher
    - MBProgressHUD
    - Moya
    - ObjectMapper
    - SwiftyJSON

SPEC CHECKSUMS:
  Alamofire: 2291f7d21ca607c491dd17642e5d40fdcda0e65c
  Kingfisher: e71c6fac2aebb1262888cabc2cb13d313362a48f
  MBProgressHUD: 3ee5efcc380f6a79a7cc9b363dd669c5e1ae7406
  Moya: 5b45dacb75adb009f97fde91c204c1e565d31916
  ObjectMapper: 1eb41f610210777375fa806bf161dc39fb832b81
  SwiftyJSON: 36413e04c44ee145039d332b4f4e2d3e8d6c4db7

PODFILE CHECKSUM: da01e7cac931bb252c4a8e4c3397fbc24eef7170

COCOAPODS: 1.10.0
